// !$*UTF8*$!
{
	archiveVersion = 1;
	classes = {
	};
	objectVersion = 56;
	objects = {

/* Begin PBXBuildFile section */
		9CC4D917292AC6F900530E66 /* AppDelegate.swift in Sources */ = {isa = PBXBuildFile; fileRef = 9CC4D916292AC6F900530E66 /* AppDelegate.swift */; };
		9CC4D919292AC6F900530E66 /* SceneDelegate.swift in Sources */ = {isa = PBXBuildFile; fileRef = 9CC4D918292AC6F900530E66 /* SceneDelegate.swift */; };
		9CC4D920292AC6FB00530E66 /* Assets.xcassets in Resources */ = {isa = PBXBuildFile; fileRef = 9CC4D91F292AC6FB00530E66 /* Assets.xcassets */; };
		9CC4D923292AC6FB00530E66 /* LaunchScreen.storyboard in Resources */ = {isa = PBXBuildFile; fileRef = 9CC4D921292AC6FB00530E66 /* LaunchScreen.storyboard */; };
		9CC4D931292AC9FD00530E66 /* Day.swift in Sources */ = {isa = PBXBuildFile; fileRef = 9CC4D930292AC9FD00530E66 /* Day.swift */; };
		9CC4D933292ACC0F00530E66 /* DayController.swift in Sources */ = {isa = PBXBuildFile; fileRef = 9CC4D932292ACC0F00530E66 /* DayController.swift */; };
		9CC4D935292ACFF600530E66 /* Main.storyboard in Resources */ = {isa = PBXBuildFile; fileRef = 9CC4D934292ACFF600530E66 /* Main.storyboard */; };
		9CC4D937292AD21500530E66 /* DayListTableViewController.swift in Sources */ = {isa = PBXBuildFile; fileRef = 9CC4D936292AD21500530E66 /* DayListTableViewController.swift */; };
		9CC4D939292AD25600530E66 /* DayDetailViewController.swift in Sources */ = {isa = PBXBuildFile; fileRef = 9CC4D938292AD25600530E66 /* DayDetailViewController.swift */; };
/* End PBXBuildFile section */

/* Begin PBXFileReference section */
		9CC4D913292AC6F900530E66 /* DaysOfTheWeek.app */ = {isa = PBXFileReference; explicitFileType = wrapper.application; includeInIndex = 0; path = DaysOfTheWeek.app; sourceTree = BUILT_PRODUCTS_DIR; };
		9CC4D916292AC6F900530E66 /* AppDelegate.swift */ = {isa = PBXFileReference; lastKnownFileType = sourcecode.swift; path = AppDelegate.swift; sourceTree = "<group>"; };
		9CC4D918292AC6F900530E66 /* SceneDelegate.swift */ = {isa = PBXFileReference; lastKnownFileType = sourcecode.swift; path = SceneDelegate.swift; sourceTree = "<group>"; };
		9CC4D91F292AC6FB00530E66 /* Assets.xcassets */ = {isa = PBXFileReference; lastKnownFileType = folder.assetcatalog; path = Assets.xcassets; sourceTree = "<group>"; };
		9CC4D922292AC6FB00530E66 /* Base */ = {isa = PBXFileReference; lastKnownFileType = file.storyboard; name = Base; path = Base.lproj/LaunchScreen.storyboard; sourceTree = "<group>"; };
		9CC4D924292AC6FB00530E66 /* Info.plist */ = {isa = PBXFileReference; lastKnownFileType = text.plist.xml; path = Info.plist; sourceTree = "<group>"; };
		9CC4D930292AC9FD00530E66 /* Day.swift */ = {isa = PBXFileReference; lastKnownFileType = sourcecode.swift; path = Day.swift; sourceTree = "<group>"; };
		9CC4D932292ACC0F00530E66 /* DayController.swift */ = {isa = PBXFileReference; lastKnownFileType = sourcecode.swift; path = DayController.swift; sourceTree = "<group>"; };
		9CC4D934292ACFF600530E66 /* Main.storyboard */ = {isa = PBXFileReference; lastKnownFileType = file.storyboard; path = Main.storyboard; sourceTree = "<group>"; };
		9CC4D936292AD21500530E66 /* DayListTableViewController.swift */ = {isa = PBXFileReference; lastKnownFileType = sourcecode.swift; path = DayListTableViewController.swift; sourceTree = "<group>"; };
		9CC4D938292AD25600530E66 /* DayDetailViewController.swift */ = {isa = PBXFileReference; lastKnownFileType = sourcecode.swift; path = DayDetailViewController.swift; sourceTree = "<group>"; };
/* End PBXFileReference section */

/* Begin PBXFrameworksBuildPhase section */
		9CC4D910292AC6F900530E66 /* Frameworks */ = {
			isa = PBXFrameworksBuildPhase;
			buildActionMask = 2147483647;
			files = (
			);
			runOnlyForDeploymentPostprocessing = 0;
		};
/* End PBXFrameworksBuildPhase section */

/* Begin PBXGroup section */
		9CC4D90A292AC6F900530E66 = {
			isa = PBXGroup;
			children = (
				9CC4D915292AC6F900530E66 /* DaysOfTheWeek */,
				9CC4D914292AC6F900530E66 /* Products */,
			);
			sourceTree = "<group>";
		};
		9CC4D914292AC6F900530E66 /* Products */ = {
			isa = PBXGroup;
			children = (
				9CC4D913292AC6F900530E66 /* DaysOfTheWeek.app */,
			);
			name = Products;
			sourceTree = "<group>";
		};
		9CC4D915292AC6F900530E66 /* DaysOfTheWeek */ = {
			isa = PBXGroup;
			children = (
				9CC4D92F292AC86B00530E66 /* Models */,
				9CC4D92C292AC80900530E66 /* Controllers */,
				9CC4D92B292AC7CF00530E66 /* Views */,
				9CC4D92A292AC78300530E66 /* Resources */,
			);
			path = DaysOfTheWeek;
			sourceTree = "<group>";
		};
		9CC4D92A292AC78300530E66 /* Resources */ = {
			isa = PBXGroup;
			children = (
				9CC4D916292AC6F900530E66 /* AppDelegate.swift */,
				9CC4D918292AC6F900530E66 /* SceneDelegate.swift */,
				9CC4D91F292AC6FB00530E66 /* Assets.xcassets */,
				9CC4D924292AC6FB00530E66 /* Info.plist */,
			);
			path = Resources;
			sourceTree = "<group>";
		};
		9CC4D92B292AC7CF00530E66 /* Views */ = {
			isa = PBXGroup;
			children = (
				9CC4D921292AC6FB00530E66 /* LaunchScreen.storyboard */,
				9CC4D934292ACFF600530E66 /* Main.storyboard */,
			);
			path = Views;
			sourceTree = "<group>";
		};
		9CC4D92C292AC80900530E66 /* Controllers */ = {
			isa = PBXGroup;
			children = (
				9CC4D92E292AC84600530E66 /* ViewControllers */,
				9CC4D92D292AC83C00530E66 /* ModelControllers */,
			);
			path = Controllers;
			sourceTree = "<group>";
		};
		9CC4D92D292AC83C00530E66 /* ModelControllers */ = {
			isa = PBXGroup;
			children = (
				9CC4D932292ACC0F00530E66 /* DayController.swift */,
			);
			path = ModelControllers;
			sourceTree = "<group>";
		};
		9CC4D92E292AC84600530E66 /* ViewControllers */ = {
			isa = PBXGroup;
			children = (
				9CC4D936292AD21500530E66 /* DayListTableViewController.swift */,
				9CC4D938292AD25600530E66 /* DayDetailViewController.swift */,
			);
			path = ViewControllers;
			sourceTree = "<group>";
		};
		9CC4D92F292AC86B00530E66 /* Models */ = {
			isa = PBXGroup;
			children = (
				9CC4D930292AC9FD00530E66 /* Day.swift */,
			);
			path = Models;
			sourceTree = "<group>";
		};
/* End PBXGroup section */

/* Begin PBXNativeTarget section */
		9CC4D912292AC6F900530E66 /* DaysOfTheWeek */ = {
			isa = PBXNativeTarget;
			buildConfigurationList = 9CC4D927292AC6FB00530E66 /* Build configuration list for PBXNativeTarget "DaysOfTheWeek" */;
			buildPhases = (
				9CC4D90F292AC6F900530E66 /* Sources */,
				9CC4D910292AC6F900530E66 /* Frameworks */,
				9CC4D911292AC6F900530E66 /* Resources */,
			);
			buildRules = (
			);
			dependencies = (
			);
			name = DaysOfTheWeek;
			productName = DaysOfTheWeek;
			productReference = 9CC4D913292AC6F900530E66 /* DaysOfTheWeek.app */;
			productType = "com.apple.product-type.application";
		};
/* End PBXNativeTarget section */

/* Begin PBXProject section */
		9CC4D90B292AC6F900530E66 /* Project object */ = {
			isa = PBXProject;
			attributes = {
				BuildIndependentTargetsInParallel = 1;
				LastSwiftUpdateCheck = 1410;
				LastUpgradeCheck = 1410;
				TargetAttributes = {
					9CC4D912292AC6F900530E66 = {
						CreatedOnToolsVersion = 14.1;
					};
				};
			};
			buildConfigurationList = 9CC4D90E292AC6F900530E66 /* Build configuration list for PBXProject "DaysOfTheWeek" */;
			compatibilityVersion = "Xcode 14.0";
			developmentRegion = en;
			hasScannedForEncodings = 0;
			knownRegions = (
				en,
				Base,
			);
			mainGroup = 9CC4D90A292AC6F900530E66;
			productRefGroup = 9CC4D914292AC6F900530E66 /* Products */;
			projectDirPath = "";
			projectRoot = "";
			targets = (
				9CC4D912292AC6F900530E66 /* DaysOfTheWeek */,
			);
		};
/* End PBXProject section */

/* Begin PBXResourcesBuildPhase section */
		9CC4D911292AC6F900530E66 /* Resources */ = {
			isa = PBXResourcesBuildPhase;
			buildActionMask = 2147483647;
			files = (
				9CC4D935292ACFF600530E66 /* Main.storyboard in Resources */,
				9CC4D923292AC6FB00530E66 /* LaunchScreen.storyboard in Resources */,
				9CC4D920292AC6FB00530E66 /* Assets.xcassets in Resources */,
			);
			runOnlyForDeploymentPostprocessing = 0;
		};
/* End PBXResourcesBuildPhase section */

/* Begin PBXSourcesBuildPhase section */
		9CC4D90F292AC6F900530E66 /* Sources */ = {
			isa = PBXSourcesBuildPhase;
			buildActionMask = 2147483647;
			files = (
				9CC4D939292AD25600530E66 /* DayDetailViewController.swift in Sources */,
				9CC4D933292ACC0F00530E66 /* DayController.swift in Sources */,
				9CC4D917292AC6F900530E66 /* AppDelegate.swift in Sources */,
				9CC4D919292AC6F900530E66 /* SceneDelegate.swift in Sources */,
				9CC4D931292AC9FD00530E66 /* Day.swift in Sources */,
				9CC4D937292AD21500530E66 /* DayListTableViewController.swift in Sources */,
			);
			runOnlyForDeploymentPostprocessing = 0;
		};
/* End PBXSourcesBuildPhase section */

/* Begin PBXVariantGroup section */
		9CC4D921292AC6FB00530E66 /* LaunchScreen.storyboard */ = {
			isa = PBXVariantGroup;
			children = (
				9CC4D922292AC6FB00530E66 /* Base */,
			);
			name = LaunchScreen.storyboard;
			sourceTree = "<group>";
		};
/* End PBXVariantGroup section */

/* Begin XCBuildConfiguration section */
		9CC4D925292AC6FB00530E66 /* Debug */ = {
			isa = XCBuildConfiguration;
			buildSettings = {
				ALWAYS_SEARCH_USER_PATHS = NO;
				CLANG_ANALYZER_NONNULL = YES;
				CLANG_ANALYZER_NUMBER_OBJECT_CONVERSION = YES_AGGRESSIVE;
				CLANG_CXX_LANGUAGE_STANDARD = "gnu++20";
				CLANG_ENABLE_MODULES = YES;
				CLANG_ENABLE_OBJC_ARC = YES;
				CLANG_ENABLE_OBJC_WEAK = YES;
				CLANG_WARN_BLOCK_CAPTURE_AUTORELEASING = YES;
				CLANG_WARN_BOOL_CONVERSION = YES;
				CLANG_WARN_COMMA = YES;
				CLANG_WARN_CONSTANT_CONVERSION = YES;
				CLANG_WARN_DEPRECATED_OBJC_IMPLEMENTATIONS = YES;
				CLANG_WARN_DIRECT_OBJC_ISA_USAGE = YES_ERROR;
				CLANG_WARN_DOCUMENTATION_COMMENTS = YES;
				CLANG_WARN_EMPTY_BODY = YES;
				CLANG_WARN_ENUM_CONVERSION = YES;
				CLANG_WARN_INFINITE_RECURSION = YES;
				CLANG_WARN_INT_CONVERSION = YES;
				CLANG_WARN_NON_LITERAL_NULL_CONVERSION = YES;
				CLANG_WARN_OBJC_IMPLICIT_RETAIN_SELF = YES;
				CLANG_WARN_OBJC_LITERAL_CONVERSION = YES;
				CLANG_WARN_OBJC_ROOT_CLASS = YES_ERROR;
				CLANG_WARN_QUOTED_INCLUDE_IN_FRAMEWORK_HEADER = YES;
				CLANG_WARN_RANGE_LOOP_ANALYSIS = YES;
				CLANG_WARN_STRICT_PROTOTYPES = YES;
				CLANG_WARN_SUSPICIOUS_MOVE = YES;
				CLANG_WARN_UNGUARDED_AVAILABILITY = YES_AGGRESSIVE;
				CLANG_WARN_UNREACHABLE_CODE = YES;
				CLANG_WARN__DUPLICATE_METHOD_MATCH = YES;
				COPY_PHASE_STRIP = NO;
				DEBUG_INFORMATION_FORMAT = dwarf;
				ENABLE_STRICT_OBJC_MSGSEND = YES;
				ENABLE_TESTABILITY = YES;
				GCC_C_LANGUAGE_STANDARD = gnu11;
				GCC_DYNAMIC_NO_PIC = NO;
				GCC_NO_COMMON_BLOCKS = YES;
				GCC_OPTIMIZATION_LEVEL = 0;
				GCC_PREPROCESSOR_DEFINITIONS = (
					"DEBUG=1",
					"$(inherited)",
				);
				GCC_WARN_64_TO_32_BIT_CONVERSION = YES;
				GCC_WARN_ABOUT_RETURN_TYPE = YES_ERROR;
				GCC_WARN_UNDECLARED_SELECTOR = YES;
				GCC_WARN_UNINITIALIZED_AUTOS = YES_AGGRESSIVE;
				GCC_WARN_UNUSED_FUNCTION = YES;
				GCC_WARN_UNUSED_VARIABLE = YES;
				IPHONEOS_DEPLOYMENT_TARGET = 16.1;
				MTL_ENABLE_DEBUG_INFO = INCLUDE_SOURCE;
				MTL_FAST_MATH = YES;
				ONLY_ACTIVE_ARCH = YES;
				SDKROOT = iphoneos;
				SWIFT_ACTIVE_COMPILATION_CONDITIONS = DEBUG;
				SWIFT_OPTIMIZATION_LEVEL = "-Onone";
			};
			name = Debug;
		};
		9CC4D926292AC6FB00530E66 /* Release */ = {
			isa = XCBuildConfiguration;
			buildSettings = {
				ALWAYS_SEARCH_USER_PATHS = NO;
				CLANG_ANALYZER_NONNULL = YES;
				CLANG_ANALYZER_NUMBER_OBJECT_CONVERSION = YES_AGGRESSIVE;
				CLANG_CXX_LANGUAGE_STANDARD = "gnu++20";
				CLANG_ENABLE_MODULES = YES;
				CLANG_ENABLE_OBJC_ARC = YES;
				CLANG_ENABLE_OBJC_WEAK = YES;
				CLANG_WARN_BLOCK_CAPTURE_AUTORELEASING = YES;
				CLANG_WARN_BOOL_CONVERSION = YES;
				CLANG_WARN_COMMA = YES;
				CLANG_WARN_CONSTANT_CONVERSION = YES;
				CLANG_WARN_DEPRECATED_OBJC_IMPLEMENTATIONS = YES;
				CLANG_WARN_DIRECT_OBJC_ISA_USAGE = YES_ERROR;
				CLANG_WARN_DOCUMENTATION_COMMENTS = YES;
				CLANG_WARN_EMPTY_BODY = YES;
				CLANG_WARN_ENUM_CONVERSION = YES;
				CLANG_WARN_INFINITE_RECURSION = YES;
				CLANG_WARN_INT_CONVERSION = YES;
				CLANG_WARN_NON_LITERAL_NULL_CONVERSION = YES;
				CLANG_WARN_OBJC_IMPLICIT_RETAIN_SELF = YES;
				CLANG_WARN_OBJC_LITERAL_CONVERSION = YES;
				CLANG_WARN_OBJC_ROOT_CLASS = YES_ERROR;
				CLANG_WARN_QUOTED_INCLUDE_IN_FRAMEWORK_HEADER = YES;
				CLANG_WARN_RANGE_LOOP_ANALYSIS = YES;
				CLANG_WARN_STRICT_PROTOTYPES = YES;
				CLANG_WARN_SUSPICIOUS_MOVE = YES;
				CLANG_WARN_UNGUARDED_AVAILABILITY = YES_AGGRESSIVE;
				CLANG_WARN_UNREACHABLE_CODE = YES;
				CLANG_WARN__DUPLICATE_METHOD_MATCH = YES;
				COPY_PHASE_STRIP = NO;
				DEBUG_INFORMATION_FORMAT = "dwarf-with-dsym";
				ENABLE_NS_ASSERTIONS = NO;
				ENABLE_STRICT_OBJC_MSGSEND = YES;
				GCC_C_LANGUAGE_STANDARD = gnu11;
				GCC_NO_COMMON_BLOCKS = YES;
				GCC_WARN_64_TO_32_BIT_CONVERSION = YES;
				GCC_WARN_ABOUT_RETURN_TYPE = YES_ERROR;
				GCC_WARN_UNDECLARED_SELECTOR = YES;
				GCC_WARN_UNINITIALIZED_AUTOS = YES_AGGRESSIVE;
				GCC_WARN_UNUSED_FUNCTION = YES;
				GCC_WARN_UNUSED_VARIABLE = YES;
				IPHONEOS_DEPLOYMENT_TARGET = 16.1;
				MTL_ENABLE_DEBUG_INFO = NO;
				MTL_FAST_MATH = YES;
				SDKROOT = iphoneos;
				SWIFT_COMPILATION_MODE = wholemodule;
				SWIFT_OPTIMIZATION_LEVEL = "-O";
				VALIDATE_PRODUCT = YES;
			};
			name = Release;
		};
		9CC4D928292AC6FB00530E66 /* Debug */ = {
			isa = XCBuildConfiguration;
			buildSettings = {
				ASSETCATALOG_COMPILER_APPICON_NAME = AppIcon;
				ASSETCATALOG_COMPILER_GLOBAL_ACCENT_COLOR_NAME = AccentColor;
				CODE_SIGN_STYLE = Automatic;
				CURRENT_PROJECT_VERSION = 1;
				DEVELOPMENT_TEAM = GBG5422KCQ;
				GENERATE_INFOPLIST_FILE = YES;
				INFOPLIST_FILE = DaysOfTheWeek/Resources/Info.plist;
				INFOPLIST_KEY_UIApplicationSupportsIndirectInputEvents = YES;
				INFOPLIST_KEY_UILaunchStoryboardName = LaunchScreen;
				INFOPLIST_KEY_UIMainStoryboardFile = Main;
				INFOPLIST_KEY_UISupportedInterfaceOrientations_iPad = "UIInterfaceOrientationPortrait UIInterfaceOrientationPortraitUpsideDown UIInterfaceOrientationLandscapeLeft UIInterfaceOrientationLandscapeRight";
				INFOPLIST_KEY_UISupportedInterfaceOrientations_iPhone = "UIInterfaceOrientationPortrait UIInterfaceOrientationLandscapeLeft UIInterfaceOrientationLandscapeRight";
				LD_RUNPATH_SEARCH_PATHS = (
					"$(inherited)",
					"@executable_path/Frameworks",
				);
				MARKETING_VERSION = 1.0;
				PRODUCT_BUNDLE_IDENTIFIER = HYMS.DaysOfTheWeek;
				PRODUCT_NAME = "$(TARGET_NAME)";
				SWIFT_EMIT_LOC_STRINGS = YES;
				SWIFT_VERSION = 5.0;
				TARGETED_DEVICE_FAMILY = "1,2";
			};
			name = Debug;
		};
		9CC4D929292AC6FB00530E66 /* Release */ = {
			isa = XCBuildConfiguration;
			buildSettings = {
				ASSETCATALOG_COMPILER_APPICON_NAME = AppIcon;
				ASSETCATALOG_COMPILER_GLOBAL_ACCENT_COLOR_NAME = AccentColor;
				CODE_SIGN_STYLE = Automatic;
				CURRENT_PROJECT_VERSION = 1;
				DEVELOPMENT_TEAM = GBG5422KCQ;
				GENERATE_INFOPLIST_FILE = YES;
				INFOPLIST_FILE = DaysOfTheWeek/Resources/Info.plist;
				INFOPLIST_KEY_UIApplicationSupportsIndirectInputEvents = YES;
				INFOPLIST_KEY_UILaunchStoryboardName = LaunchScreen;
				INFOPLIST_KEY_UIMainStoryboardFile = Main;
				INFOPLIST_KEY_UISupportedInterfaceOrientations_iPad = "UIInterfaceOrientationPortrait UIInterfaceOrientationPortraitUpsideDown UIInterfaceOrientationLandscapeLeft UIInterfaceOrientationLandscapeRight";
				INFOPLIST_KEY_UISupportedInterfaceOrientations_iPhone = "UIInterfaceOrientationPortrait UIInterfaceOrientationLandscapeLeft UIInterfaceOrientationLandscapeRight";
				LD_RUNPATH_SEARCH_PATHS = (
					"$(inherited)",
					"@executable_path/Frameworks",
				);
				MARKETING_VERSION = 1.0;
				PRODUCT_BUNDLE_IDENTIFIER = HYMS.DaysOfTheWeek;
				PRODUCT_NAME = "$(TARGET_NAME)";
				SWIFT_EMIT_LOC_STRINGS = YES;
				SWIFT_VERSION = 5.0;
				TARGETED_DEVICE_FAMILY = "1,2";
			};
			name = Release;
		};
/* End XCBuildConfiguration section */

/* Begin XCConfigurationList section */
		9CC4D90E292AC6F900530E66 /* Build configuration list for PBXProject "DaysOfTheWeek" */ = {
			isa = XCConfigurationList;
			buildConfigurations = (
				9CC4D925292AC6FB00530E66 /* Debug */,
				9CC4D926292AC6FB00530E66 /* Release */,
			);
			defaultConfigurationIsVisible = 0;
			defaultConfigurationName = Release;
		};
		9CC4D927292AC6FB00530E66 /* Build configuration list for PBXNativeTarget "DaysOfTheWeek" */ = {
			isa = XCConfigurationList;
			buildConfigurations = (
				9CC4D928292AC6FB00530E66 /* Debug */,
				9CC4D929292AC6FB00530E66 /* Release */,
			);
			defaultConfigurationIsVisible = 0;
			defaultConfigurationName = Release;
		};
/* End XCConfigurationList section */
	};
	rootObject = 9CC4D90B292AC6F900530E66 /* Project object */;
}
